// !$*UTF8*$!
{
	archiveVersion = 1;
	classes = {
	};
	objectVersion = 56;
	objects = {

/* Begin PBXBuildFile section */
 Feature/014
Feature/014
		64460B902A578A010022FF23 /* SettingsViewModel.swift in Sources */ = {isa = PBXBuildFile; fileRef = 64460B8F2A578A010022FF23 /* SettingsViewModel.swift */; };
 Feature/008
		644669432A69E27F003DE683 /* PickerKG.swift in Sources */ = {isa = PBXBuildFile; fileRef = 644669422A69E27F003DE683 /* PickerKG.swift */; };
		64385F982A674F93008CDD5C /* PetPickerView.swift in Sources */ = {isa = PBXBuildFile; fileRef = 64385F972A674F93008CDD5C /* PetPickerView.swift */; };
 dev
		64460B8D2A5770510022FF23 /* EmptyCardView.swift in Sources */ = {isa = PBXBuildFile; fileRef = 64460B8C2A5770510022FF23 /* EmptyCardView.swift */; };
 dev
		646696C22A563A670058F5B0 /* LoveMyPetApp.swift in Sources */ = {isa = PBXBuildFile; fileRef = 646696C12A563A670058F5B0 /* LoveMyPetApp.swift */; };
		646696C42A563A670058F5B0 /* ContentView.swift in Sources */ = {isa = PBXBuildFile; fileRef = 646696C32A563A670058F5B0 /* ContentView.swift */; };
		646696C62A563A690058F5B0 /* Assets.xcassets in Resources */ = {isa = PBXBuildFile; fileRef = 646696C52A563A690058F5B0 /* Assets.xcassets */; };
		646696C92A563A690058F5B0 /* Preview Assets.xcassets in Resources */ = {isa = PBXBuildFile; fileRef = 646696C82A563A690058F5B0 /* Preview Assets.xcassets */; };
/* End PBXBuildFile section */

/* Begin PBXFileReference section */
 Feature/014
Feature/014
		64460B8F2A578A010022FF23 /* SettingsViewModel.swift */ = {isa = PBXFileReference; lastKnownFileType = sourcecode.swift; path = SettingsViewModel.swift; sourceTree = "<group>"; };

		64460B8C2A5770510022FF23 /* EmptyCardView.swift */ = {isa = PBXFileReference; lastKnownFileType = sourcecode.swift; path = EmptyCardView.swift; sourceTree = "<group>"; };
 dev
Feature/008
		644669422A69E27F003DE683 /* PickerKG.swift */ = {isa = PBXFileReference; lastKnownFileType = sourcecode.swift; path = PickerKG.swift; sourceTree = "<group>"; };
		64385F972A674F93008CDD5C /* PetPickerView.swift */ = {isa = PBXFileReference; lastKnownFileType = sourcecode.swift; path = PetPickerView.swift; sourceTree = "<group>"; };
		64460B8C2A5770510022FF23 /* EmptyCardView.swift */ = {isa = PBXFileReference; lastKnownFileType = sourcecode.swift; path = EmptyCardView.swift; sourceTree = "<group>"; };
dev
 dev
		646696BE2A563A670058F5B0 /* LoveMyPet.app */ = {isa = PBXFileReference; explicitFileType = wrapper.application; includeInIndex = 0; path = LoveMyPet.app; sourceTree = BUILT_PRODUCTS_DIR; };
		646696C12A563A670058F5B0 /* LoveMyPetApp.swift */ = {isa = PBXFileReference; lastKnownFileType = sourcecode.swift; path = LoveMyPetApp.swift; sourceTree = "<group>"; };
		646696C32A563A670058F5B0 /* ContentView.swift */ = {isa = PBXFileReference; lastKnownFileType = sourcecode.swift; path = ContentView.swift; sourceTree = "<group>"; };
		646696C52A563A690058F5B0 /* Assets.xcassets */ = {isa = PBXFileReference; lastKnownFileType = folder.assetcatalog; path = Assets.xcassets; sourceTree = "<group>"; };
		646696C82A563A690058F5B0 /* Preview Assets.xcassets */ = {isa = PBXFileReference; lastKnownFileType = folder.assetcatalog; path = "Preview Assets.xcassets"; sourceTree = "<group>"; };
/* End PBXFileReference section */

/* Begin PBXFrameworksBuildPhase section */
		646696BB2A563A670058F5B0 /* Frameworks */ = {
			isa = PBXFrameworksBuildPhase;
			buildActionMask = 2147483647;
			files = (
			);
			runOnlyForDeploymentPostprocessing = 0;
		};
/* End PBXFrameworksBuildPhase section */

/* Begin PBXGroup section */
 Feature/014
 Feature/014
		64460B8E2A5789E80022FF23 /* Settings */ = {
			isa = PBXGroup;
			children = (
				64460B8F2A578A010022FF23 /* SettingsViewModel.swift */,
			);
			path = Settings;
 Feature/008
		644669402A69E255003DE683 /* AddPett */ = {
			isa = PBXGroup;
			children = (
				644669412A69E266003DE683 /* Components */,
			);
			path = AddPett;
			sourceTree = "<group>";
		};
		644669412A69E266003DE683 /* Components */ = {
			isa = PBXGroup;
			children = (
				644669422A69E27F003DE683 /* PickerKG.swift */,
			);
			path = Components;
		64385F922A674E7B008CDD5C /* PetPicker */ = {
			isa = PBXGroup;
			children = (
				64385F972A674F93008CDD5C /* PetPickerView.swift */,
			);
			path = PetPicker;
			sourceTree = "<group>";
		};
 dev
		64460B8A2A5770270022FF23 /* EmptyPet */ = {
			isa = PBXGroup;
			children = (
				64460B8C2A5770510022FF23 /* EmptyCardView.swift */,
			);
			path = EmptyPet;
 dev
			sourceTree = "<group>";
		};
		646696B52A563A670058F5B0 = {
			isa = PBXGroup;
			children = (
				646696C02A563A670058F5B0 /* LoveMyPet */,
				646696BF2A563A670058F5B0 /* Products */,
			);
			sourceTree = "<group>";
		};
		646696BF2A563A670058F5B0 /* Products */ = {
			isa = PBXGroup;
			children = (
				646696BE2A563A670058F5B0 /* LoveMyPet.app */,
			);
			name = Products;
			sourceTree = "<group>";
		};
		646696C02A563A670058F5B0 /* LoveMyPet */ = {
			isa = PBXGroup;
			children = (
				646696CF2A563ADD0058F5B0 /* App */,
				646696D02A563AEF0058F5B0 /* Utils */,
				646696D92A563CCC0058F5B0 /* Features */,
				646696D82A563CC30058F5B0 /* Model */,
				646696DA2A563D330058F5B0 /* Services */,
				646696DC2A563D660058F5B0 /* Resources */,
				646696C72A563A690058F5B0 /* Preview Content */,
			);
			path = LoveMyPet;
			sourceTree = "<group>";
		};
		646696C72A563A690058F5B0 /* Preview Content */ = {
			isa = PBXGroup;
			children = (
				646696C82A563A690058F5B0 /* Preview Assets.xcassets */,
			);
			path = "Preview Content";
			sourceTree = "<group>";
		};
		646696CF2A563ADD0058F5B0 /* App */ = {
			isa = PBXGroup;
			children = (
				646696C12A563A670058F5B0 /* LoveMyPetApp.swift */,
			);
			path = App;
			sourceTree = "<group>";
		};
		646696D02A563AEF0058F5B0 /* Utils */ = {
			isa = PBXGroup;
			children = (
				646696D72A563CA60058F5B0 /* Modifiers */,
				646696D62A563C9D0058F5B0 /* Styles */,
				646696D52A563C8F0058F5B0 /* Helpers */,
				646696D42A563C820058F5B0 /* Extensions */,
				646696D12A563AF90058F5B0 /* Protocols */,
				646696D22A563B3A0058F5B0 /* Components */,
			);
			path = Utils;
			sourceTree = "<group>";
		};
		646696D12A563AF90058F5B0 /* Protocols */ = {
			isa = PBXGroup;
			children = (
			);
			path = Protocols;
			sourceTree = "<group>";
		};
		646696D22A563B3A0058F5B0 /* Components */ = {
			isa = PBXGroup;
			children = (
			);
			path = Components;
			sourceTree = "<group>";
		};
		646696D42A563C820058F5B0 /* Extensions */ = {
			isa = PBXGroup;
			children = (
			);
			path = Extensions;
			sourceTree = "<group>";
		};
		646696D52A563C8F0058F5B0 /* Helpers */ = {
			isa = PBXGroup;
			children = (
			);
			path = Helpers;
			sourceTree = "<group>";
		};
		646696D62A563C9D0058F5B0 /* Styles */ = {
			isa = PBXGroup;
			children = (
			);
			path = Styles;
			sourceTree = "<group>";
		};
		646696D72A563CA60058F5B0 /* Modifiers */ = {
			isa = PBXGroup;
			children = (
			);
			path = Modifiers;
			sourceTree = "<group>";
		};
		646696D82A563CC30058F5B0 /* Model */ = {
			isa = PBXGroup;
			children = (
			);
			path = Model;
			sourceTree = "<group>";
		};
		646696D92A563CCC0058F5B0 /* Features */ = {
			isa = PBXGroup;
			children = (
 Feature/014
Feature/014
				64460B8E2A5789E80022FF23 /* Settings */,
				64460B8A2A5770270022FF23 /* EmptyPet */,
dev
				644669402A69E255003DE683 /* AddPett */,
 dev
				646696C32A563A670058F5B0 /* ContentView.swift */,
				64385F922A674E7B008CDD5C /* PetPicker */,
				64460B8A2A5770270022FF23 /* EmptyPet */,
			);
			path = Features;
			sourceTree = "<group>";
		};
		646696DA2A563D330058F5B0 /* Services */ = {
			isa = PBXGroup;
			children = (
			);
			path = Services;
			sourceTree = "<group>";
		};
		646696DC2A563D660058F5B0 /* Resources */ = {
			isa = PBXGroup;
			children = (
				646696C52A563A690058F5B0 /* Assets.xcassets */,
			);
			path = Resources;
			sourceTree = "<group>";
		};
/* End PBXGroup section */

/* Begin PBXNativeTarget section */
		646696BD2A563A670058F5B0 /* LoveMyPet */ = {
			isa = PBXNativeTarget;
			buildConfigurationList = 646696CC2A563A690058F5B0 /* Build configuration list for PBXNativeTarget "LoveMyPet" */;
			buildPhases = (
				646696BA2A563A670058F5B0 /* Sources */,
				646696BB2A563A670058F5B0 /* Frameworks */,
				646696BC2A563A670058F5B0 /* Resources */,
				643FE6702A5791E900F49749 /* Run Script */,
			);
			buildRules = (
			);
			dependencies = (
			);
			name = LoveMyPet;
			productName = LoveMyPet;
			productReference = 646696BE2A563A670058F5B0 /* LoveMyPet.app */;
			productType = "com.apple.product-type.application";
		};
/* End PBXNativeTarget section */

/* Begin PBXProject section */
		646696B62A563A670058F5B0 /* Project object */ = {
			isa = PBXProject;
			attributes = {
				BuildIndependentTargetsInParallel = 1;
				LastSwiftUpdateCheck = 1420;
				LastUpgradeCheck = 1420;
				TargetAttributes = {
					646696BD2A563A670058F5B0 = {
						CreatedOnToolsVersion = 14.2;
					};
				};
			};
			buildConfigurationList = 646696B92A563A670058F5B0 /* Build configuration list for PBXProject "LoveMyPet" */;
			compatibilityVersion = "Xcode 14.0";
			developmentRegion = en;
			hasScannedForEncodings = 0;
			knownRegions = (
				en,
				Base,
			);
			mainGroup = 646696B52A563A670058F5B0;
			productRefGroup = 646696BF2A563A670058F5B0 /* Products */;
			projectDirPath = "";
			projectRoot = "";
			targets = (
				646696BD2A563A670058F5B0 /* LoveMyPet */,
			);
		};
/* End PBXProject section */

/* Begin PBXResourcesBuildPhase section */
		646696BC2A563A670058F5B0 /* Resources */ = {
			isa = PBXResourcesBuildPhase;
			buildActionMask = 2147483647;
			files = (
				646696C92A563A690058F5B0 /* Preview Assets.xcassets in Resources */,
				646696C62A563A690058F5B0 /* Assets.xcassets in Resources */,
			);
			runOnlyForDeploymentPostprocessing = 0;
		};
/* End PBXResourcesBuildPhase section */

/* Begin PBXShellScriptBuildPhase section */
		643FE6702A5791E900F49749 /* Run Script */ = {
			isa = PBXShellScriptBuildPhase;
			buildActionMask = 2147483647;
			files = (
			);
			inputFileListPaths = (
			);
			inputPaths = (
			);
			name = "Run Script";
			outputFileListPaths = (
			);
			outputPaths = (
			);
			runOnlyForDeploymentPostprocessing = 0;
			shellPath = /bin/sh;
			shellScript = "# Type a script or drag a script file from your workspace to insert its path.\nif [[ \"$(uname -m)\" == arm64 ]]; then\n    export PATH=\"/opt/homebrew/bin:$PATH\"\nfi\n\nif which swiftlint > /dev/null; then\n  swiftlint\nelse\n  echo \"warning: SwiftLint not installed, download from https://github.com/realm/SwiftLint\"\nfi\n";
		};
/* End PBXShellScriptBuildPhase section */

/* Begin PBXSourcesBuildPhase section */
		646696BA2A563A670058F5B0 /* Sources */ = {
			isa = PBXSourcesBuildPhase;
			buildActionMask = 2147483647;
			files = (
				64385F982A674F93008CDD5C /* PetPickerView.swift in Sources */,
				646696C42A563A670058F5B0 /* ContentView.swift in Sources */,
				64460B8D2A5770510022FF23 /* EmptyCardView.swift in Sources */,
				646696C22A563A670058F5B0 /* LoveMyPetApp.swift in Sources */,
 Feature/014
				64460B902A578A010022FF23 /* SettingsViewModel.swift in Sources */,
				644669432A69E27F003DE683 /* PickerKG.swift in Sources */,
dev
			);
			runOnlyForDeploymentPostprocessing = 0;
		};
/* End PBXSourcesBuildPhase section */

/* Begin XCBuildConfiguration section */
		646696CA2A563A690058F5B0 /* Debug */ = {
			isa = XCBuildConfiguration;
			buildSettings = {
				ALWAYS_SEARCH_USER_PATHS = NO;
				CLANG_ANALYZER_NONNULL = YES;
				CLANG_ANALYZER_NUMBER_OBJECT_CONVERSION = YES_AGGRESSIVE;
				CLANG_CXX_LANGUAGE_STANDARD = "gnu++20";
				CLANG_ENABLE_MODULES = YES;
				CLANG_ENABLE_OBJC_ARC = YES;
				CLANG_ENABLE_OBJC_WEAK = YES;
				CLANG_WARN_BLOCK_CAPTURE_AUTORELEASING = YES;
				CLANG_WARN_BOOL_CONVERSION = YES;
				CLANG_WARN_COMMA = YES;
				CLANG_WARN_CONSTANT_CONVERSION = YES;
				CLANG_WARN_DEPRECATED_OBJC_IMPLEMENTATIONS = YES;
				CLANG_WARN_DIRECT_OBJC_ISA_USAGE = YES_ERROR;
				CLANG_WARN_DOCUMENTATION_COMMENTS = YES;
				CLANG_WARN_EMPTY_BODY = YES;
				CLANG_WARN_ENUM_CONVERSION = YES;
				CLANG_WARN_INFINITE_RECURSION = YES;
				CLANG_WARN_INT_CONVERSION = YES;
				CLANG_WARN_NON_LITERAL_NULL_CONVERSION = YES;
				CLANG_WARN_OBJC_IMPLICIT_RETAIN_SELF = YES;
				CLANG_WARN_OBJC_LITERAL_CONVERSION = YES;
				CLANG_WARN_OBJC_ROOT_CLASS = YES_ERROR;
				CLANG_WARN_QUOTED_INCLUDE_IN_FRAMEWORK_HEADER = YES;
				CLANG_WARN_RANGE_LOOP_ANALYSIS = YES;
				CLANG_WARN_STRICT_PROTOTYPES = YES;
				CLANG_WARN_SUSPICIOUS_MOVE = YES;
				CLANG_WARN_UNGUARDED_AVAILABILITY = YES_AGGRESSIVE;
				CLANG_WARN_UNREACHABLE_CODE = YES;
				CLANG_WARN__DUPLICATE_METHOD_MATCH = YES;
				COPY_PHASE_STRIP = NO;
				DEBUG_INFORMATION_FORMAT = dwarf;
				ENABLE_STRICT_OBJC_MSGSEND = YES;
				ENABLE_TESTABILITY = YES;
				GCC_C_LANGUAGE_STANDARD = gnu11;
				GCC_DYNAMIC_NO_PIC = NO;
				GCC_NO_COMMON_BLOCKS = YES;
				GCC_OPTIMIZATION_LEVEL = 0;
				GCC_PREPROCESSOR_DEFINITIONS = (
					"DEBUG=1",
					"$(inherited)",
				);
				GCC_WARN_64_TO_32_BIT_CONVERSION = YES;
				GCC_WARN_ABOUT_RETURN_TYPE = YES_ERROR;
				GCC_WARN_UNDECLARED_SELECTOR = YES;
				GCC_WARN_UNINITIALIZED_AUTOS = YES_AGGRESSIVE;
				GCC_WARN_UNUSED_FUNCTION = YES;
				GCC_WARN_UNUSED_VARIABLE = YES;
				IPHONEOS_DEPLOYMENT_TARGET = 16.2;
				MTL_ENABLE_DEBUG_INFO = INCLUDE_SOURCE;
				MTL_FAST_MATH = YES;
				ONLY_ACTIVE_ARCH = YES;
				SDKROOT = iphoneos;
				SWIFT_ACTIVE_COMPILATION_CONDITIONS = DEBUG;
				SWIFT_OPTIMIZATION_LEVEL = "-Onone";
			};
			name = Debug;
		};
		646696CB2A563A690058F5B0 /* Release */ = {
			isa = XCBuildConfiguration;
			buildSettings = {
				ALWAYS_SEARCH_USER_PATHS = NO;
				CLANG_ANALYZER_NONNULL = YES;
				CLANG_ANALYZER_NUMBER_OBJECT_CONVERSION = YES_AGGRESSIVE;
				CLANG_CXX_LANGUAGE_STANDARD = "gnu++20";
				CLANG_ENABLE_MODULES = YES;
				CLANG_ENABLE_OBJC_ARC = YES;
				CLANG_ENABLE_OBJC_WEAK = YES;
				CLANG_WARN_BLOCK_CAPTURE_AUTORELEASING = YES;
				CLANG_WARN_BOOL_CONVERSION = YES;
				CLANG_WARN_COMMA = YES;
				CLANG_WARN_CONSTANT_CONVERSION = YES;
				CLANG_WARN_DEPRECATED_OBJC_IMPLEMENTATIONS = YES;
				CLANG_WARN_DIRECT_OBJC_ISA_USAGE = YES_ERROR;
				CLANG_WARN_DOCUMENTATION_COMMENTS = YES;
				CLANG_WARN_EMPTY_BODY = YES;
				CLANG_WARN_ENUM_CONVERSION = YES;
				CLANG_WARN_INFINITE_RECURSION = YES;
				CLANG_WARN_INT_CONVERSION = YES;
				CLANG_WARN_NON_LITERAL_NULL_CONVERSION = YES;
				CLANG_WARN_OBJC_IMPLICIT_RETAIN_SELF = YES;
				CLANG_WARN_OBJC_LITERAL_CONVERSION = YES;
				CLANG_WARN_OBJC_ROOT_CLASS = YES_ERROR;
				CLANG_WARN_QUOTED_INCLUDE_IN_FRAMEWORK_HEADER = YES;
				CLANG_WARN_RANGE_LOOP_ANALYSIS = YES;
				CLANG_WARN_STRICT_PROTOTYPES = YES;
				CLANG_WARN_SUSPICIOUS_MOVE = YES;
				CLANG_WARN_UNGUARDED_AVAILABILITY = YES_AGGRESSIVE;
				CLANG_WARN_UNREACHABLE_CODE = YES;
				CLANG_WARN__DUPLICATE_METHOD_MATCH = YES;
				COPY_PHASE_STRIP = NO;
				DEBUG_INFORMATION_FORMAT = "dwarf-with-dsym";
				ENABLE_NS_ASSERTIONS = NO;
				ENABLE_STRICT_OBJC_MSGSEND = YES;
				GCC_C_LANGUAGE_STANDARD = gnu11;
				GCC_NO_COMMON_BLOCKS = YES;
				GCC_WARN_64_TO_32_BIT_CONVERSION = YES;
				GCC_WARN_ABOUT_RETURN_TYPE = YES_ERROR;
				GCC_WARN_UNDECLARED_SELECTOR = YES;
				GCC_WARN_UNINITIALIZED_AUTOS = YES_AGGRESSIVE;
				GCC_WARN_UNUSED_FUNCTION = YES;
				GCC_WARN_UNUSED_VARIABLE = YES;
				IPHONEOS_DEPLOYMENT_TARGET = 16.2;
				MTL_ENABLE_DEBUG_INFO = NO;
				MTL_FAST_MATH = YES;
				SDKROOT = iphoneos;
				SWIFT_COMPILATION_MODE = wholemodule;
				SWIFT_OPTIMIZATION_LEVEL = "-O";
				VALIDATE_PRODUCT = YES;
			};
			name = Release;
		};
		646696CD2A563A690058F5B0 /* Debug */ = {
			isa = XCBuildConfiguration;
			buildSettings = {
				ASSETCATALOG_COMPILER_APPICON_NAME = AppIcon;
				ASSETCATALOG_COMPILER_GLOBAL_ACCENT_COLOR_NAME = AccentColor;
				CODE_SIGN_STYLE = Automatic;
				CURRENT_PROJECT_VERSION = 1;
				DEVELOPMENT_ASSET_PATHS = "\"LoveMyPet/Preview Content\"";
				ENABLE_PREVIEWS = YES;
				GENERATE_INFOPLIST_FILE = YES;
				INFOPLIST_KEY_UIApplicationSceneManifest_Generation = YES;
				INFOPLIST_KEY_UIApplicationSupportsIndirectInputEvents = YES;
				INFOPLIST_KEY_UILaunchScreen_Generation = YES;
				INFOPLIST_KEY_UISupportedInterfaceOrientations_iPad = "UIInterfaceOrientationPortrait UIInterfaceOrientationPortraitUpsideDown UIInterfaceOrientationLandscapeLeft UIInterfaceOrientationLandscapeRight";
				INFOPLIST_KEY_UISupportedInterfaceOrientations_iPhone = "UIInterfaceOrientationPortrait UIInterfaceOrientationLandscapeLeft UIInterfaceOrientationLandscapeRight";
				LD_RUNPATH_SEARCH_PATHS = (
					"$(inherited)",
					"@executable_path/Frameworks",
				);
				MARKETING_VERSION = 1.0;
				PRODUCT_BUNDLE_IDENTIFIER = gabriel.LoveMyPet;
				PRODUCT_NAME = "$(TARGET_NAME)";
				SWIFT_EMIT_LOC_STRINGS = YES;
				SWIFT_VERSION = 5.0;
				TARGETED_DEVICE_FAMILY = "1,2";
			};
			name = Debug;
		};
		646696CE2A563A690058F5B0 /* Release */ = {
			isa = XCBuildConfiguration;
			buildSettings = {
				ASSETCATALOG_COMPILER_APPICON_NAME = AppIcon;
				ASSETCATALOG_COMPILER_GLOBAL_ACCENT_COLOR_NAME = AccentColor;
				CODE_SIGN_STYLE = Automatic;
				CURRENT_PROJECT_VERSION = 1;
				DEVELOPMENT_ASSET_PATHS = "\"LoveMyPet/Preview Content\"";
				ENABLE_PREVIEWS = YES;
				GENERATE_INFOPLIST_FILE = YES;
				INFOPLIST_KEY_UIApplicationSceneManifest_Generation = YES;
				INFOPLIST_KEY_UIApplicationSupportsIndirectInputEvents = YES;
				INFOPLIST_KEY_UILaunchScreen_Generation = YES;
				INFOPLIST_KEY_UISupportedInterfaceOrientations_iPad = "UIInterfaceOrientationPortrait UIInterfaceOrientationPortraitUpsideDown UIInterfaceOrientationLandscapeLeft UIInterfaceOrientationLandscapeRight";
				INFOPLIST_KEY_UISupportedInterfaceOrientations_iPhone = "UIInterfaceOrientationPortrait UIInterfaceOrientationLandscapeLeft UIInterfaceOrientationLandscapeRight";
				LD_RUNPATH_SEARCH_PATHS = (
					"$(inherited)",
					"@executable_path/Frameworks",
				);
				MARKETING_VERSION = 1.0;
				PRODUCT_BUNDLE_IDENTIFIER = gabriel.LoveMyPet;
				PRODUCT_NAME = "$(TARGET_NAME)";
				SWIFT_EMIT_LOC_STRINGS = YES;
				SWIFT_VERSION = 5.0;
				TARGETED_DEVICE_FAMILY = "1,2";
			};
			name = Release;
		};
/* End XCBuildConfiguration section */

/* Begin XCConfigurationList section */
		646696B92A563A670058F5B0 /* Build configuration list for PBXProject "LoveMyPet" */ = {
			isa = XCConfigurationList;
			buildConfigurations = (
				646696CA2A563A690058F5B0 /* Debug */,
				646696CB2A563A690058F5B0 /* Release */,
			);
			defaultConfigurationIsVisible = 0;
			defaultConfigurationName = Release;
		};
		646696CC2A563A690058F5B0 /* Build configuration list for PBXNativeTarget "LoveMyPet" */ = {
			isa = XCConfigurationList;
			buildConfigurations = (
				646696CD2A563A690058F5B0 /* Debug */,
				646696CE2A563A690058F5B0 /* Release */,
			);
			defaultConfigurationIsVisible = 0;
			defaultConfigurationName = Release;
		};
/* End XCConfigurationList section */
	};
	rootObject = 646696B62A563A670058F5B0 /* Project object */;
}
